
Microsoft Visual Studio Solution File, Format Version 12.00
# Visual Studio Version 16
VisualStudioVersion = 16.0.29403.142
MinimumVisualStudioVersion = 10.0.40219.1
Project("{FAE04EC0-301F-11D3-BF4B-00C04F79EFBC}") = "WebApplication1", "WebApplication1\WebApplication1.csproj", "{EBDAC3CC-C2B4-4BB8-A7EF-EE2CDD8D7E01}"
EndProject
Global
	GlobalSection(SolutionConfigurationPlatforms) = preSolution
		Debug|Any CPU = Debug|Any CPU
		Release|Any CPU = Release|Any CPU
	EndGlobalSection
	GlobalSection(ProjectConfigurationPlatforms) = postSolution
		{EBDAC3CC-C2B4-4BB8-A7EF-EE2CDD8D7E01}.Debug|Any CPU.ActiveCfg = Debug|Any CPU
		{EBDAC3CC-C2B4-4BB8-A7EF-EE2CDD8D7E01}.Debug|Any CPU.Build.0 = Debug|Any CPU
		{EBDAC3CC-C2B4-4BB8-A7EF-EE2CDD8D7E01}.Release|Any CPU.ActiveCfg = Release|Any CPU
		{EBDAC3CC-C2B4-4BB8-A7EF-EE2CDD8D7E01}.Release|Any CPU.Build.0 = Release|Any CPU
	EndGlobalSection
	GlobalSection(SolutionProperties) = preSolution
		HideSolutionNode = FALSE
	EndGlobalSection
	GlobalSection(ExtensibilityGlobals) = postSolution
		SolutionGuid = {D875920A-732B-4EC2-8939-B2B737AE8D79}
	EndGlobalSection
EndGlobal
